
Microsoft Visual Studio Solution File, Format Version 12.00
# Visual Studio Version 17
VisualStudioVersion = 17.9.34723.18
MinimumVisualStudioVersion = 10.0.40219.1
Project("{FAE04EC0-301F-11D3-BF4B-00C04F79EFBC}") = "HandlingExceptions", "HandlingExceptions\HandlingExceptions.csproj", "{2008C08C-7A65-43CA-B639-15F5A8ED083D}"
EndProject
Global
	GlobalSection(SolutionConfigurationPlatforms) = preSolution
		Debug|Any CPU = Debug|Any CPU
		Release|Any CPU = Release|Any CPU
	EndGlobalSection
	GlobalSection(ProjectConfigurationPlatforms) = postSolution
		{2008C08C-7A65-43CA-B639-15F5A8ED083D}.Debug|Any CPU.ActiveCfg = Debug|Any CPU
		{2008C08C-7A65-43CA-B639-15F5A8ED083D}.Debug|Any CPU.Build.0 = Debug|Any CPU
		{2008C08C-7A65-43CA-B639-15F5A8ED083D}.Release|Any CPU.ActiveCfg = Release|Any CPU
		{2008C08C-7A65-43CA-B639-15F5A8ED083D}.Release|Any CPU.Build.0 = Release|Any CPU
	EndGlobalSection
	GlobalSection(SolutionProperties) = preSolution
		HideSolutionNode = FALSE
	EndGlobalSection
	GlobalSection(ExtensibilityGlobals) = postSolution
		SolutionGuid = {8FC3B7E4-F41E-4125-B842-A1EE9E9CC279}
	EndGlobalSection
EndGlobal
