
Microsoft Visual Studio Solution File, Format Version 12.00
# Visual Studio Version 17
VisualStudioVersion = 17.9.34723.18
MinimumVisualStudioVersion = 10.0.40219.1
Project("{FAE04EC0-301F-11D3-BF4B-00C04F79EFBC}") = "EnumsAndSwitch", "EnumsAndSwitch\EnumsAndSwitch.csproj", "{9864C321-BE76-49DE-A09A-03811DD0AC71}"
EndProject
Global
	GlobalSection(SolutionConfigurationPlatforms) = preSolution
		Debug|Any CPU = Debug|Any CPU
		Release|Any CPU = Release|Any CPU
	EndGlobalSection
	GlobalSection(ProjectConfigurationPlatforms) = postSolution
		{9864C321-BE76-49DE-A09A-03811DD0AC71}.Debug|Any CPU.ActiveCfg = Debug|Any CPU
		{9864C321-BE76-49DE-A09A-03811DD0AC71}.Debug|Any CPU.Build.0 = Debug|Any CPU
		{9864C321-BE76-49DE-A09A-03811DD0AC71}.Release|Any CPU.ActiveCfg = Release|Any CPU
		{9864C321-BE76-49DE-A09A-03811DD0AC71}.Release|Any CPU.Build.0 = Release|Any CPU
	EndGlobalSection
	GlobalSection(SolutionProperties) = preSolution
		HideSolutionNode = FALSE
	EndGlobalSection
	GlobalSection(ExtensibilityGlobals) = postSolution
		SolutionGuid = {07E2217C-1FEE-41D7-B405-41C96420A6B0}
	EndGlobalSection
EndGlobal
