
Microsoft Visual Studio Solution File, Format Version 12.00
# Visual Studio Version 17
VisualStudioVersion = 17.9.34723.18
MinimumVisualStudioVersion = 10.0.40219.1
Project("{FAE04EC0-301F-11D3-BF4B-00C04F79EFBC}") = "WorkingWithCollections", "WorkingWithCollections\WorkingWithCollections.csproj", "{6EB188CB-2047-4ECA-AD2B-DDFE5C1EE746}"
EndProject
Global
	GlobalSection(SolutionConfigurationPlatforms) = preSolution
		Debug|Any CPU = Debug|Any CPU
		Release|Any CPU = Release|Any CPU
	EndGlobalSection
	GlobalSection(ProjectConfigurationPlatforms) = postSolution
		{6EB188CB-2047-4ECA-AD2B-DDFE5C1EE746}.Debug|Any CPU.ActiveCfg = Debug|Any CPU
		{6EB188CB-2047-4ECA-AD2B-DDFE5C1EE746}.Debug|Any CPU.Build.0 = Debug|Any CPU
		{6EB188CB-2047-4ECA-AD2B-DDFE5C1EE746}.Release|Any CPU.ActiveCfg = Release|Any CPU
		{6EB188CB-2047-4ECA-AD2B-DDFE5C1EE746}.Release|Any CPU.Build.0 = Release|Any CPU
	EndGlobalSection
	GlobalSection(SolutionProperties) = preSolution
		HideSolutionNode = FALSE
	EndGlobalSection
	GlobalSection(ExtensibilityGlobals) = postSolution
		SolutionGuid = {2B713D0A-6F77-438C-9B81-EF6C1C2D4C7E}
	EndGlobalSection
EndGlobal
