
Microsoft Visual Studio Solution File, Format Version 12.00
# Visual Studio Version 17
VisualStudioVersion = 17.9.34723.18
MinimumVisualStudioVersion = 10.0.40219.1
Project("{FAE04EC0-301F-11D3-BF4B-00C04F79EFBC}") = "AssembliesAndNamespaces", "AssembliesAndNamespaces\AssembliesAndNamespaces.csproj", "{0C03D308-1C82-425C-8AF4-6515DA0D038A}"
EndProject
Global
	GlobalSection(SolutionConfigurationPlatforms) = preSolution
		Debug|Any CPU = Debug|Any CPU
		Release|Any CPU = Release|Any CPU
	EndGlobalSection
	GlobalSection(ProjectConfigurationPlatforms) = postSolution
		{0C03D308-1C82-425C-8AF4-6515DA0D038A}.Debug|Any CPU.ActiveCfg = Debug|Any CPU
		{0C03D308-1C82-425C-8AF4-6515DA0D038A}.Debug|Any CPU.Build.0 = Debug|Any CPU
		{0C03D308-1C82-425C-8AF4-6515DA0D038A}.Release|Any CPU.ActiveCfg = Release|Any CPU
		{0C03D308-1C82-425C-8AF4-6515DA0D038A}.Release|Any CPU.Build.0 = Release|Any CPU
	EndGlobalSection
	GlobalSection(SolutionProperties) = preSolution
		HideSolutionNode = FALSE
	EndGlobalSection
	GlobalSection(ExtensibilityGlobals) = postSolution
		SolutionGuid = {1F1C6743-697D-4C26-B443-66562967B7C2}
	EndGlobalSection
EndGlobal
