
Microsoft Visual Studio Solution File, Format Version 12.00
# Visual Studio Version 17
VisualStudioVersion = 17.9.34723.18
MinimumVisualStudioVersion = 10.0.40219.1
Project("{FAE04EC0-301F-11D3-BF4B-00C04F79EFBC}") = "variables", "variables\variables.csproj", "{419C1B74-F16B-4D40-8BA3-23377D524CB0}"
EndProject
Global
	GlobalSection(SolutionConfigurationPlatforms) = preSolution
		Debug|Any CPU = Debug|Any CPU
		Release|Any CPU = Release|Any CPU
	EndGlobalSection
	GlobalSection(ProjectConfigurationPlatforms) = postSolution
		{419C1B74-F16B-4D40-8BA3-23377D524CB0}.Debug|Any CPU.ActiveCfg = Debug|Any CPU
		{419C1B74-F16B-4D40-8BA3-23377D524CB0}.Debug|Any CPU.Build.0 = Debug|Any CPU
		{419C1B74-F16B-4D40-8BA3-23377D524CB0}.Release|Any CPU.ActiveCfg = Release|Any CPU
		{419C1B74-F16B-4D40-8BA3-23377D524CB0}.Release|Any CPU.Build.0 = Release|Any CPU
	EndGlobalSection
	GlobalSection(SolutionProperties) = preSolution
		HideSolutionNode = FALSE
	EndGlobalSection
	GlobalSection(ExtensibilityGlobals) = postSolution
		SolutionGuid = {5DFAD477-AFB9-427A-8509-7C42383D8AC2}
	EndGlobalSection
EndGlobal
