
Microsoft Visual Studio Solution File, Format Version 12.00
# Visual Studio Version 17
VisualStudioVersion = 17.9.34723.18
MinimumVisualStudioVersion = 10.0.40219.1
Project("{FAE04EC0-301F-11D3-BF4B-00C04F79EFBC}") = "ObjectLifeTime", "ObjectLifeTime\ObjectLifeTime.csproj", "{2EADC6C5-B0EB-4346-B4FD-3484885F37A8}"
EndProject
Global
	GlobalSection(SolutionConfigurationPlatforms) = preSolution
		Debug|Any CPU = Debug|Any CPU
		Release|Any CPU = Release|Any CPU
	EndGlobalSection
	GlobalSection(ProjectConfigurationPlatforms) = postSolution
		{2EADC6C5-B0EB-4346-B4FD-3484885F37A8}.Debug|Any CPU.ActiveCfg = Debug|Any CPU
		{2EADC6C5-B0EB-4346-B4FD-3484885F37A8}.Debug|Any CPU.Build.0 = Debug|Any CPU
		{2EADC6C5-B0EB-4346-B4FD-3484885F37A8}.Release|Any CPU.ActiveCfg = Release|Any CPU
		{2EADC6C5-B0EB-4346-B4FD-3484885F37A8}.Release|Any CPU.Build.0 = Release|Any CPU
	EndGlobalSection
	GlobalSection(SolutionProperties) = preSolution
		HideSolutionNode = FALSE
	EndGlobalSection
	GlobalSection(ExtensibilityGlobals) = postSolution
		SolutionGuid = {FED0DC56-E9A6-402C-BE72-9FBBAD5D15A5}
	EndGlobalSection
EndGlobal
